# THIS IS AN AUTOGENERATED FILE. DO NOT EDIT THIS FILE DIRECTLY.
# yarn lockfile v1


"@ampproject/remapping@^2.2.0":
  version "2.2.1"
  resolved "https://registry.yarnpkg.com/@ampproject/remapping/-/remapping-2.2.1.tgz#99e8e11851128b8702cd57c33684f1d0f260b630"
  integrity sha512-lFMjJTrFL3j7L9yBxwYfCq2k6qqwHyzuUl/XBnif78PWTJYyL/dfowQHWE3sp6U6ZzqWiiIZnpTMO96zhkjwtg==
  dependencies:
    "@jridgewell/gen-mapping" "^0.3.0"
    "@jridgewell/trace-mapping" "^0.3.9"

"@babel/code-frame@^7.21.4":
  version "7.21.4"
  resolved "https://registry.yarnpkg.com/@babel/code-frame/-/code-frame-7.21.4.tgz#d0fa9e4413aca81f2b23b9442797bda1826edb39"
  integrity sha512-LYvhNKfwWSPpocw8GI7gpK2nq3HSDuEPC/uSYaALSJu9xjsalaaYFOq0Pwt5KmVqwEbZlDu81aLXwBOmD/Fv9g==
  dependencies:
    "@babel/highlight" "^7.18.6"

"@babel/compat-data@^7.22.0":
  version "7.22.3"
  resolved "https://registry.yarnpkg.com/@babel/compat-data/-/compat-data-7.22.3.tgz#cd502a6a0b6e37d7ad72ce7e71a7160a3ae36f7e"
  integrity sha512-aNtko9OPOwVESUFp3MZfD8Uzxl7JzSeJpd7npIoxCasU37PFbAQRpKglkaKwlHOyeJdrREpo8TW8ldrkYWwvIQ==

"@babel/core@^7.21.8":
  version "7.22.1"
  resolved "https://registry.yarnpkg.com/@babel/core/-/core-7.22.1.tgz#5de51c5206f4c6f5533562838337a603c1033cfd"
  integrity sha512-Hkqu7J4ynysSXxmAahpN1jjRwVJ+NdpraFLIWflgjpVob3KNyK3/tIUc7Q7szed8WMp0JNa7Qtd1E9Oo22F9gA==
  dependencies:
    "@ampproject/remapping" "^2.2.0"
    "@babel/code-frame" "^7.21.4"
    "@babel/generator" "^7.22.0"
    "@babel/helper-compilation-targets" "^7.22.1"
    "@babel/helper-module-transforms" "^7.22.1"
    "@babel/helpers" "^7.22.0"
    "@babel/parser" "^7.22.0"
    "@babel/template" "^7.21.9"
    "@babel/traverse" "^7.22.1"
    "@babel/types" "^7.22.0"
    convert-source-map "^1.7.0"
    debug "^4.1.0"
    gensync "^1.0.0-beta.2"
    json5 "^2.2.2"
    semver "^6.3.0"

"@babel/generator@^7.22.0", "@babel/generator@^7.22.3":
  version "7.22.3"
  resolved "https://registry.yarnpkg.com/@babel/generator/-/generator-7.22.3.tgz#0ff675d2edb93d7596c5f6728b52615cfc0df01e"
  integrity sha512-C17MW4wlk//ES/CJDL51kPNwl+qiBQyN7b9SKyVp11BLGFeSPoVaHrv+MNt8jwQFhQWowW88z1eeBx3pFz9v8A==
  dependencies:
    "@babel/types" "^7.22.3"
    "@jridgewell/gen-mapping" "^0.3.2"
    "@jridgewell/trace-mapping" "^0.3.17"
    jsesc "^2.5.1"

"@babel/helper-annotate-as-pure@^7.18.6":
  version "7.18.6"
  resolved "https://registry.yarnpkg.com/@babel/helper-annotate-as-pure/-/helper-annotate-as-pure-7.18.6.tgz#eaa49f6f80d5a33f9a5dd2276e6d6e451be0a6bb"
  integrity sha512-duORpUiYrEpzKIop6iNbjnwKLAKnJ47csTyRACyEmWj0QdUrm5aqNJGHSSEQSUAvNW0ojX0dOmK9dZduvkfeXA==
  dependencies:
    "@babel/types" "^7.18.6"

"@babel/helper-compilation-targets@^7.22.1":
  version "7.22.1"
  resolved "https://registry.yarnpkg.com/@babel/helper-compilation-targets/-/helper-compilation-targets-7.22.1.tgz#bfcd6b7321ffebe33290d68550e2c9d7eb7c7a58"
  integrity sha512-Rqx13UM3yVB5q0D/KwQ8+SPfX/+Rnsy1Lw1k/UwOC4KC6qrzIQoY3lYnBu5EHKBlEHHcj0M0W8ltPSkD8rqfsQ==
  dependencies:
    "@babel/compat-data" "^7.22.0"
    "@babel/helper-validator-option" "^7.21.0"
    browserslist "^4.21.3"
    lru-cache "^5.1.1"
    semver "^6.3.0"

"@babel/helper-environment-visitor@^7.22.1":
  version "7.22.1"
  resolved "https://registry.yarnpkg.com/@babel/helper-environment-visitor/-/helper-environment-visitor-7.22.1.tgz#ac3a56dbada59ed969d712cf527bd8271fe3eba8"
  integrity sha512-Z2tgopurB/kTbidvzeBrc2To3PUP/9i5MUe+fU6QJCQDyPwSH2oRapkLw3KGECDYSjhQZCNxEvNvZlLw8JjGwA==

"@babel/helper-function-name@^7.21.0":
  version "7.21.0"
  resolved "https://registry.yarnpkg.com/@babel/helper-function-name/-/helper-function-name-7.21.0.tgz#d552829b10ea9f120969304023cd0645fa00b1b4"
  integrity sha512-HfK1aMRanKHpxemaY2gqBmL04iAPOPRj7DxtNbiDOrJK+gdwkiNRVpCpUJYbUT+aZyemKN8brqTOxzCaG6ExRg==
  dependencies:
    "@babel/template" "^7.20.7"
    "@babel/types" "^7.21.0"

"@babel/helper-hoist-variables@^7.18.6":
  version "7.18.6"
  resolved "https://registry.yarnpkg.com/@babel/helper-hoist-variables/-/helper-hoist-variables-7.18.6.tgz#d4d2c8fb4baeaa5c68b99cc8245c56554f926678"
  integrity sha512-UlJQPkFqFULIcyW5sbzgbkxn2FKRgwWiRexcuaR8RNJRy8+LLveqPjwZV/bwrLZCN0eUHD/x8D0heK1ozuoo6Q==
  dependencies:
    "@babel/types" "^7.18.6"

"@babel/helper-module-imports@^7.21.4":
  version "7.21.4"
  resolved "https://registry.yarnpkg.com/@babel/helper-module-imports/-/helper-module-imports-7.21.4.tgz#ac88b2f76093637489e718a90cec6cf8a9b029af"
  integrity sha512-orajc5T2PsRYUN3ZryCEFeMDYwyw09c/pZeaQEZPH0MpKzSvn3e0uXsDBu3k03VI+9DBiRo+l22BfKTpKwa/Wg==
  dependencies:
    "@babel/types" "^7.21.4"

"@babel/helper-module-transforms@^7.22.1":
  version "7.22.1"
  resolved "https://registry.yarnpkg.com/@babel/helper-module-transforms/-/helper-module-transforms-7.22.1.tgz#e0cad47fedcf3cae83c11021696376e2d5a50c63"
  integrity sha512-dxAe9E7ySDGbQdCVOY/4+UcD8M9ZFqZcZhSPsPacvCG4M+9lwtDDQfI2EoaSvmf7W/8yCBkGU0m7Pvt1ru3UZw==
  dependencies:
    "@babel/helper-environment-visitor" "^7.22.1"
    "@babel/helper-module-imports" "^7.21.4"
    "@babel/helper-simple-access" "^7.21.5"
    "@babel/helper-split-export-declaration" "^7.18.6"
    "@babel/helper-validator-identifier" "^7.19.1"
    "@babel/template" "^7.21.9"
    "@babel/traverse" "^7.22.1"
    "@babel/types" "^7.22.0"

"@babel/helper-plugin-utils@^7.20.2", "@babel/helper-plugin-utils@^7.21.5":
  version "7.21.5"
  resolved "https://registry.yarnpkg.com/@babel/helper-plugin-utils/-/helper-plugin-utils-7.21.5.tgz#345f2377d05a720a4e5ecfa39cbf4474a4daed56"
  integrity sha512-0WDaIlXKOX/3KfBK/dwP1oQGiPh6rjMkT7HIRv7i5RR2VUMwrx5ZL0dwBkKx7+SW1zwNdgjHd34IMk5ZjTeHVg==

"@babel/helper-simple-access@^7.21.5":
  version "7.21.5"
  resolved "https://registry.yarnpkg.com/@babel/helper-simple-access/-/helper-simple-access-7.21.5.tgz#d697a7971a5c39eac32c7e63c0921c06c8a249ee"
  integrity sha512-ENPDAMC1wAjR0uaCUwliBdiSl1KBJAVnMTzXqi64c2MG8MPR6ii4qf7bSXDqSFbr4W6W028/rf5ivoHop5/mkg==
  dependencies:
    "@babel/types" "^7.21.5"

"@babel/helper-split-export-declaration@^7.18.6":
  version "7.18.6"
  resolved "https://registry.yarnpkg.com/@babel/helper-split-export-declaration/-/helper-split-export-declaration-7.18.6.tgz#7367949bc75b20c6d5a5d4a97bba2824ae8ef075"
  integrity sha512-bde1etTx6ZyTmobl9LLMMQsaizFVZrquTEHOqKeQESMKo4PlObf+8+JA25ZsIpZhT/WEd39+vOdLXAFG/nELpA==
  dependencies:
    "@babel/types" "^7.18.6"

"@babel/helper-string-parser@^7.21.5":
  version "7.21.5"
  resolved "https://registry.yarnpkg.com/@babel/helper-string-parser/-/helper-string-parser-7.21.5.tgz#2b3eea65443c6bdc31c22d037c65f6d323b6b2bd"
  integrity sha512-5pTUx3hAJaZIdW99sJ6ZUUgWq/Y+Hja7TowEnLNMm1VivRgZQL3vpBY3qUACVsvw+yQU6+YgfBVmcbLaZtrA1w==

"@babel/helper-validator-identifier@^7.18.6", "@babel/helper-validator-identifier@^7.19.1":
  version "7.19.1"
  resolved "https://registry.yarnpkg.com/@babel/helper-validator-identifier/-/helper-validator-identifier-7.19.1.tgz#7eea834cf32901ffdc1a7ee555e2f9c27e249ca2"
  integrity sha512-awrNfaMtnHUr653GgGEs++LlAvW6w+DcPrOliSMXWCKo597CwL5Acf/wWdNkf/tfEQE3mjkeD1YOVZOUV/od1w==

"@babel/helper-validator-option@^7.21.0":
  version "7.21.0"
  resolved "https://registry.yarnpkg.com/@babel/helper-validator-option/-/helper-validator-option-7.21.0.tgz#8224c7e13ace4bafdc4004da2cf064ef42673180"
  integrity sha512-rmL/B8/f0mKS2baE9ZpyTcTavvEuWhTTW8amjzXNvYG4AwBsqTLikfXsEofsJEfKHf+HQVQbFOHy6o+4cnC/fQ==

"@babel/helpers@^7.22.0":
  version "7.22.3"
  resolved "https://registry.yarnpkg.com/@babel/helpers/-/helpers-7.22.3.tgz#53b74351da9684ea2f694bf0877998da26dd830e"
  integrity sha512-jBJ7jWblbgr7r6wYZHMdIqKc73ycaTcCaWRq4/2LpuPHcx7xMlZvpGQkOYc9HeSjn6rcx15CPlgVcBtZ4WZJ2w==
  dependencies:
    "@babel/template" "^7.21.9"
    "@babel/traverse" "^7.22.1"
    "@babel/types" "^7.22.3"

"@babel/highlight@^7.18.6":
  version "7.18.6"
  resolved "https://registry.yarnpkg.com/@babel/highlight/-/highlight-7.18.6.tgz#81158601e93e2563795adcbfbdf5d64be3f2ecdf"
  integrity sha512-u7stbOuYjaPezCuLj29hNW1v64M2Md2qupEKP1fHc7WdOA3DgLh37suiSrZYY7haUB7iBeQZ9P1uiRF359do3g==
  dependencies:
    "@babel/helper-validator-identifier" "^7.18.6"
    chalk "^2.0.0"
    js-tokens "^4.0.0"

"@babel/parser@^7.21.9", "@babel/parser@^7.22.0", "@babel/parser@^7.22.4":
  version "7.22.4"
  resolved "https://registry.yarnpkg.com/@babel/parser/-/parser-7.22.4.tgz#a770e98fd785c231af9d93f6459d36770993fb32"
  integrity sha512-VLLsx06XkEYqBtE5YGPwfSGwfrjnyPP5oiGty3S8pQLFDFLaS8VwWSIxkTXpcvr5zeYLE6+MBNl2npl/YnfofA==

"@babel/plugin-syntax-jsx@^7.21.4":
  version "7.21.4"
  resolved "https://registry.yarnpkg.com/@babel/plugin-syntax-jsx/-/plugin-syntax-jsx-7.21.4.tgz#f264ed7bf40ffc9ec239edabc17a50c4f5b6fea2"
  integrity sha512-5hewiLct5OKyh6PLKEYaFclcqtIgCb6bmELouxjF6up5q3Sov7rOayW4RwhbaBL0dit8rA80GNfY+UuDp2mBbQ==
  dependencies:
    "@babel/helper-plugin-utils" "^7.20.2"

"@babel/plugin-transform-react-jsx@^7.21.5":
  version "7.22.3"
  resolved "https://registry.yarnpkg.com/@babel/plugin-transform-react-jsx/-/plugin-transform-react-jsx-7.22.3.tgz#5a1f380df3703ba92eb1a930a539c6d88836f690"
  integrity sha512-JEulRWG2f04a7L8VWaOngWiK6p+JOSpB+DAtwfJgOaej1qdbNxqtK7MwTBHjUA10NeFcszlFNqCdbRcirzh2uQ==
  dependencies:
    "@babel/helper-annotate-as-pure" "^7.18.6"
    "@babel/helper-module-imports" "^7.21.4"
    "@babel/helper-plugin-utils" "^7.21.5"
    "@babel/plugin-syntax-jsx" "^7.21.4"
    "@babel/types" "^7.22.3"

"@babel/template@^7.20.7", "@babel/template@^7.21.9":
  version "7.21.9"
  resolved "https://registry.yarnpkg.com/@babel/template/-/template-7.21.9.tgz#bf8dad2859130ae46088a99c1f265394877446fb"
  integrity sha512-MK0X5k8NKOuWRamiEfc3KEJiHMTkGZNUjzMipqCGDDc6ijRl/B7RGSKVGncu4Ro/HdyzzY6cmoXuKI2Gffk7vQ==
  dependencies:
    "@babel/code-frame" "^7.21.4"
    "@babel/parser" "^7.21.9"
    "@babel/types" "^7.21.5"

"@babel/traverse@^7.22.1":
  version "7.22.4"
  resolved "https://registry.yarnpkg.com/@babel/traverse/-/traverse-7.22.4.tgz#c3cf96c5c290bd13b55e29d025274057727664c0"
  integrity sha512-Tn1pDsjIcI+JcLKq1AVlZEr4226gpuAQTsLMorsYg9tuS/kG7nuwwJ4AB8jfQuEgb/COBwR/DqJxmoiYFu5/rQ==
  dependencies:
    "@babel/code-frame" "^7.21.4"
    "@babel/generator" "^7.22.3"
    "@babel/helper-environment-visitor" "^7.22.1"
    "@babel/helper-function-name" "^7.21.0"
    "@babel/helper-hoist-variables" "^7.18.6"
    "@babel/helper-split-export-declaration" "^7.18.6"
    "@babel/parser" "^7.22.4"
    "@babel/types" "^7.22.4"
    debug "^4.1.0"
    globals "^11.1.0"

"@babel/types@^7.18.6", "@babel/types@^7.21.0", "@babel/types@^7.21.4", "@babel/types@^7.21.5", "@babel/types@^7.22.0", "@babel/types@^7.22.3", "@babel/types@^7.22.4":
  version "7.22.4"
  resolved "https://registry.yarnpkg.com/@babel/types/-/types-7.22.4.tgz#56a2653ae7e7591365dabf20b76295410684c071"
  integrity sha512-Tx9x3UBHTTsMSW85WB2kphxYQVvrZ/t1FxD88IpSgIjiUJlCm9z+xWIDwyo1vffTwSqteqyznB8ZE9vYYk16zA==
  dependencies:
    "@babel/helper-string-parser" "^7.21.5"
    "@babel/helper-validator-identifier" "^7.19.1"
    to-fast-properties "^2.0.0"

"@jridgewell/gen-mapping@^0.3.0", "@jridgewell/gen-mapping@^0.3.2":
  version "0.3.3"
  resolved "https://registry.yarnpkg.com/@jridgewell/gen-mapping/-/gen-mapping-0.3.3.tgz#7e02e6eb5df901aaedb08514203b096614024098"
  integrity sha512-HLhSWOLRi875zjjMG/r+Nv0oCW8umGb0BgEhyX3dDX3egwZtB8PqLnjz3yedt8R5StBrzcg4aBpnh8UA9D1BoQ==
  dependencies:
    "@jridgewell/set-array" "^1.0.1"
    "@jridgewell/sourcemap-codec" "^1.4.10"
    "@jridgewell/trace-mapping" "^0.3.9"

"@jridgewell/resolve-uri@3.1.0":
  version "3.1.0"
  resolved "https://registry.yarnpkg.com/@jridgewell/resolve-uri/-/resolve-uri-3.1.0.tgz#2203b118c157721addfe69d47b70465463066d78"
  integrity sha512-F2msla3tad+Mfht5cJq7LSXcdudKTWCVYUgw6pLFOOHSTtZlj6SWNYAp+AhuqLmWdBO2X5hPrLcu8cVP8fy28w==

"@jridgewell/set-array@^1.0.1":
  version "1.1.2"
  resolved "https://registry.yarnpkg.com/@jridgewell/set-array/-/set-array-1.1.2.tgz#7c6cf998d6d20b914c0a55a91ae928ff25965e72"
  integrity sha512-xnkseuNADM0gt2bs+BvhO0p78Mk762YnZdsuzFV018NoG1Sj1SCQvpSqa7XUaTam5vAGasABV9qXASMKnFMwMw==

"@jridgewell/sourcemap-codec@1.4.14":
  version "1.4.14"
  resolved "https://registry.yarnpkg.com/@jridgewell/sourcemap-codec/-/sourcemap-codec-1.4.14.tgz#add4c98d341472a289190b424efbdb096991bb24"
  integrity sha512-XPSJHWmi394fuUuzDnGz1wiKqWfo1yXecHQMRf2l6hztTO+nPru658AyDngaBe7isIxEkRsPR3FZh+s7iVa4Uw==

"@jridgewell/sourcemap-codec@^1.4.10":
  version "1.4.15"
  resolved "https://registry.yarnpkg.com/@jridgewell/sourcemap-codec/-/sourcemap-codec-1.4.15.tgz#d7c6e6755c78567a951e04ab52ef0fd26de59f32"
  integrity sha512-eF2rxCRulEKXHTRiDrDy6erMYWqNw4LPdQ8UQA4huuxaQsVeRPFl2oM8oDGxMFhJUWZf9McpLtJasDDZb/Bpeg==

"@jridgewell/trace-mapping@^0.3.17", "@jridgewell/trace-mapping@^0.3.9":
  version "0.3.18"
  resolved "https://registry.yarnpkg.com/@jridgewell/trace-mapping/-/trace-mapping-0.3.18.tgz#25783b2086daf6ff1dcb53c9249ae480e4dd4cd6"
  integrity sha512-w+niJYzMHdd7USdiH2U6869nqhD2nbfZXND5Yp93qIbEmnDNk7PD48o+YchRVpzMU7M6jVCbenTR7PA1FLQ9pA==
  dependencies:
    "@jridgewell/resolve-uri" "3.1.0"
    "@jridgewell/sourcemap-codec" "1.4.14"

"@types/node@^17.0.21":
  version "17.0.45"
  resolved "https://registry.yarnpkg.com/@types/node/-/node-17.0.45.tgz#2c0fafd78705e7a18b7906b5201a522719dc5190"
  integrity sha512-w+tIMs3rq2afQdsPJlODhoUEKzFP1ayaoyl1CcnwtIlsVe7K7bA1NGm4s3PraqTLlXnbIN84zuBlxBWo1u9BLw==

abbrev@1:
  version "1.1.1"
  resolved "https://registry.yarnpkg.com/abbrev/-/abbrev-1.1.1.tgz#f8f2c887ad10bf67f634f005b6987fed3179aac8"
  integrity sha512-nne9/IiQ/hzIhY6pdDnbBtz7DjPTKrY00P/zvPSm5pOFkl6xuGrGnXn/VtTNNfNtAfZ9/1RtehkszU9qcTii0Q==

ansi-styles@^3.2.1:
  version "3.2.1"
  resolved "https://registry.yarnpkg.com/ansi-styles/-/ansi-styles-3.2.1.tgz#41fbb20243e50b12be0f04b8dedbf07520ce841d"
  integrity sha512-VT0ZI6kZRdTh8YyJw3SMbYm/u+NqfsAxEpWO0Pf9sq8/e94WxxOpPKx9FR1FlyCtOVDNOQ+8ntlqFxiRc+r5qA==
  dependencies:
    color-convert "^1.9.0"

anymatch@~3.1.2:
  version "3.1.3"
  resolved "https://registry.yarnpkg.com/anymatch/-/anymatch-3.1.3.tgz#790c58b19ba1720a84205b57c618d5ad8524973e"
  integrity sha512-KMReFUr0B4t+D+OBkjR3KYqvocp2XaSzO55UcB6mgQMd3KbcE+mWTyvVV7D/zsdEbNnV6acZUutkiHQXvTr1Rw==
  dependencies:
    normalize-path "^3.0.0"
    picomatch "^2.0.4"

balanced-match@^1.0.0:
  version "1.0.2"
  resolved "https://registry.yarnpkg.com/balanced-match/-/balanced-match-1.0.2.tgz#e83e3a7e3f300b34cb9d87f615fa0cbf357690ee"
  integrity sha512-3oSeUO0TMV67hN1AmbXsK4yaqU7tjiHlbxRDZOpH0KW9+CeX4bRAaX0Anxt0tx2MrpRpWwQaPwIlISEJhYU5Pw==

binary-extensions@^2.0.0:
  version "2.2.0"
  resolved "https://registry.yarnpkg.com/binary-extensions/-/binary-extensions-2.2.0.tgz#75f502eeaf9ffde42fc98829645be4ea76bd9e2d"
  integrity sha512-jDctJ/IVQbZoJykoeHbhXpOlNBqGNcwXJKJog42E5HDPUwQTSdjCHdihjj0DlnheQ7blbT6dHOafNAiS8ooQKA==

brace-expansion@^1.1.7:
  version "1.1.11"
  resolved "https://registry.yarnpkg.com/brace-expansion/-/brace-expansion-1.1.11.tgz#3c7fcbf529d87226f3d2f52b966ff5271eb441dd"
  integrity sha512-iCuPHDFgrHX7H2vEI/5xpz07zSHB00TpugqhmYtVmMO6518mCuRMoOYFldEBl0g187ufozdaHgWKcYFb61qGiA==
  dependencies:
    balanced-match "^1.0.0"
    concat-map "0.0.1"

braces@~3.0.2:
  version "3.0.2"
  resolved "https://registry.yarnpkg.com/braces/-/braces-3.0.2.tgz#3454e1a462ee8d599e236df336cd9ea4f8afe107"
  integrity sha512-b8um+L1RzM3WDSzvhm6gIz1yfTbBt6YTlcEKAvsmqCZZFw46z626lVj9j1yEPW33H5H+lBQpZMP1k8l+78Ha0A==
  dependencies:
    fill-range "^7.0.1"

browserslist@^4.21.3:
  version "4.21.7"
  resolved "https://registry.yarnpkg.com/browserslist/-/browserslist-4.21.7.tgz#e2b420947e5fb0a58e8f4668ae6e23488127e551"
  integrity sha512-BauCXrQ7I2ftSqd2mvKHGo85XR0u7Ru3C/Hxsy/0TkfCtjrmAbPdzLGasmoiBxplpDXlPvdjX9u7srIMfgasNA==
  dependencies:
    caniuse-lite "^1.0.30001489"
    electron-to-chromium "^1.4.411"
    node-releases "^2.0.12"
    update-browserslist-db "^1.0.11"

caniuse-lite@^1.0.30001489:
  version "1.0.30001492"
  resolved "https://registry.yarnpkg.com/caniuse-lite/-/caniuse-lite-1.0.30001492.tgz#4a06861788a52b4c81fd3344573b68cc87fe062b"
  integrity sha512-2efF8SAZwgAX1FJr87KWhvuJxnGJKOnctQa8xLOskAXNXq8oiuqgl6u1kk3fFpsp3GgvzlRjiK1sl63hNtFADw==

chalk@^2.0.0:
  version "2.4.2"
  resolved "https://registry.yarnpkg.com/chalk/-/chalk-2.4.2.tgz#cd42541677a54333cf541a49108c1432b44c9424"
  integrity sha512-Mti+f9lpJNcwF4tWV8/OrTTtF1gZi+f8FqlyAdouralcFWFQWF2+NgCHShjkCb+IFBLq9buZwE1xckQU4peSuQ==
  dependencies:
    ansi-styles "^3.2.1"
    escape-string-regexp "^1.0.5"
    supports-color "^5.3.0"

chokidar@^3.5.2:
  version "3.5.3"
  resolved "https://registry.yarnpkg.com/chokidar/-/chokidar-3.5.3.tgz#1cf37c8707b932bd1af1ae22c0432e2acd1903bd"
  integrity sha512-Dr3sfKRP6oTcjf2JmUmFJfeVMvXBdegxB0iVQ5eb2V10uFJUCAS8OByZdVAyVb8xXNz3GjjTgj9kLWsZTqE6kw==
  dependencies:
    anymatch "~3.1.2"
    braces "~3.0.2"
    glob-parent "~5.1.2"
    is-binary-path "~2.1.0"
    is-glob "~4.0.1"
    normalize-path "~3.0.0"
    readdirp "~3.6.0"
  optionalDependencies:
    fsevents "~2.3.2"

color-convert@^1.9.0:
  version "1.9.3"
  resolved "https://registry.yarnpkg.com/color-convert/-/color-convert-1.9.3.tgz#bb71850690e1f136567de629d2d5471deda4c1e8"
  integrity sha512-QfAUtd+vFdAtFQcC8CCyYt1fYWxSqAiK2cSD6zDB8N3cpsEBAvRxp9zOGg6G/SHHJYAT88/az/IuDGALsNVbGg==
  dependencies:
    color-name "1.1.3"

color-name@1.1.3:
  version "1.1.3"
  resolved "https://registry.yarnpkg.com/color-name/-/color-name-1.1.3.tgz#a7d0558bd89c42f795dd42328f740831ca53bc25"
  integrity sha512-72fSenhMw2HZMTVHeCA9KCmpEIbzWiQsjN+BHcBbS9vr1mtt+vJjPdksIBNUmKAW8TFUDPJK5SUU3QhE9NEXDw==

concat-map@0.0.1:
  version "0.0.1"
  resolved "https://registry.yarnpkg.com/concat-map/-/concat-map-0.0.1.tgz#d8a96bd77fd68df7793a73036a3ba0d5405d477b"
  integrity sha512-/Srv4dswyQNBfohGpz9o6Yb3Gz3SrUDqBH5rTuhGR7ahtlbYKnVxw2bCFMRljaA7EXHaXZ8wsHdodFvbkhKmqg==

convert-source-map@^1.7.0:
  version "1.9.0"
  resolved "https://registry.yarnpkg.com/convert-source-map/-/convert-source-map-1.9.0.tgz#7faae62353fb4213366d0ca98358d22e8368b05f"
  integrity sha512-ASFBup0Mz1uyiIjANan1jzLQami9z1PoYSZCiiYW2FczPbenXc45FZdBZLzOT+r6+iciuEModtmCti+hjaAk0A==

debug@^3.2.7:
  version "3.2.7"
  resolved "https://registry.yarnpkg.com/debug/-/debug-3.2.7.tgz#72580b7e9145fb39b6676f9c5e5fb100b934179a"
  integrity sha512-CFjzYYAi4ThfiQvizrFQevTTXHtnCqWfe7x1AhgEscTz6ZbLbfoLRLPugTQyBth6f8ZERVUSyWHFD/7Wu4t1XQ==
  dependencies:
    ms "^2.1.1"

debug@^4.1.0:
  version "4.3.4"
  resolved "https://registry.yarnpkg.com/debug/-/debug-4.3.4.tgz#1319f6579357f2338d3337d2cdd4914bb5dcc865"
  integrity sha512-PRWFHuSU3eDtQJPvnNY7Jcket1j0t5OuOsFzPPzsekD52Zl8qUfFIPEiswXqIvHWGVHOgX+7G/vCNNhehwxfkQ==
  dependencies:
    ms "2.1.2"

electron-to-chromium@^1.4.411:
  version "1.4.419"
  resolved "https://registry.yarnpkg.com/electron-to-chromium/-/electron-to-chromium-1.4.419.tgz#6fbea1f3abb65bf46e8ad874b5c1f0816ce2f8ce"
  integrity sha512-jdie3RiEgygvDTyS2sgjq71B36q2cDSBfPlwzUyuOrfYTNoYWyBxxjGJV/HAu3A2hB0Y+HesvCVkVAFoCKwCSw==

escalade@^3.1.1:
  version "3.1.1"
  resolved "https://registry.yarnpkg.com/escalade/-/escalade-3.1.1.tgz#d8cfdc7000965c5a0174b4a82eaa5c0552742e40"
  integrity sha512-k0er2gUkLf8O0zKJiAhmkTnJlTvINGv7ygDNPbeIsX/TJjGJZHuh9B2UxbsaEkmlEo9MfhrSzmhIlhRlI2GXnw==

escape-html@^1.0.3:
  version "1.0.3"
  resolved "https://registry.yarnpkg.com/escape-html/-/escape-html-1.0.3.tgz#0258eae4d3d0c0974de1c169188ef0051d1d1988"
  integrity sha512-NiSupZ4OeuGwr68lGIeym/ksIZMJodUGOSCZ/FSnTxcrekbvqrgdUxlJOMpijaKZVjAJrWrGs/6Jy8OMuyj9ow==

escape-string-regexp@^1.0.5:
  version "1.0.5"
  resolved "https://registry.yarnpkg.com/escape-string-regexp/-/escape-string-regexp-1.0.5.tgz#1b61c0562190a8dff6ae3bb2cf0200ca130b86d4"
  integrity sha512-vbRorB5FUQWvla16U8R/qgaFIya2qGzwDrNmCZuYKrbdSUMG6I1ZCGQRefkRVhuOkIGVne7BQ35DSfo1qvJqFg==

fill-range@^7.0.1:
  version "7.0.1"
  resolved "https://registry.yarnpkg.com/fill-range/-/fill-range-7.0.1.tgz#1919a6a7c75fe38b2c7c77e5198535da9acdda40"
  integrity sha512-qOo9F+dMUmC2Lcb4BbVvnKJxTPjCm+RRpe4gDuGrzkL7mEVl/djYSu2OdQ2Pa302N4oqkSg9ir6jaLWJ2USVpQ==
  dependencies:
    to-regex-range "^5.0.1"

fsevents@~2.3.2:
  version "2.3.2"
  resolved "https://registry.yarnpkg.com/fsevents/-/fsevents-2.3.2.tgz#8a526f78b8fdf4623b709e0b975c52c24c02fd1a"
  integrity sha512-xiqMQR4xAeHTuB9uWm+fFRcIOgKBMiOBP+eXiyT7jsgVCq1bkVygt00oASowB7EdtpOHaaPgKt812P9ab+DDKA==

gensync@^1.0.0-beta.2:
  version "1.0.0-beta.2"
  resolved "https://registry.yarnpkg.com/gensync/-/gensync-1.0.0-beta.2.tgz#32a6ee76c3d7f52d46b2b1ae5d93fea8580a25e0"
  integrity sha512-3hN7NaskYvMDLQY55gnW3NQ+mesEAepTqlg+VEbj7zzqEMBVNhzcGYYeqFo/TlYz6eQiFcp1HcsCZO+nGgS8zg==

glob-parent@~5.1.2:
  version "5.1.2"
  resolved "https://registry.yarnpkg.com/glob-parent/-/glob-parent-5.1.2.tgz#869832c58034fe68a4093c17dc15e8340d8401c4"
  integrity sha512-AOIgSQCepiJYwP3ARnGx+5VnTu2HBYdzbGP45eLw1vr3zB3vZLeyed1sC9hnbcOc9/SrMyM5RPQrkGz4aS9Zow==
  dependencies:
    is-glob "^4.0.1"

globals@^11.1.0:
  version "11.12.0"
  resolved "https://registry.yarnpkg.com/globals/-/globals-11.12.0.tgz#ab8795338868a0babd8525758018c2a7eb95c42e"
  integrity sha512-WOBp/EEGUiIsJSp7wcv/y6MO+lV9UoncWqxuFfm8eBwzWNgyfBd6Gz+IeKQ9jCmyhoH99g15M3T+QaVHFjizVA==

has-flag@^3.0.0:
  version "3.0.0"
  resolved "https://registry.yarnpkg.com/has-flag/-/has-flag-3.0.0.tgz#b5d454dc2199ae225699f3467e5a07f3b955bafd"
  integrity sha512-sKJf1+ceQBr4SMkvQnBDNDtf4TXpVhVGateu0t918bl30FnbE2m4vNLX+VWe/dpjlb+HugGYzW7uQXH98HPEYw==

ignore-by-default@^1.0.1:
  version "1.0.1"
  resolved "https://registry.yarnpkg.com/ignore-by-default/-/ignore-by-default-1.0.1.tgz#48ca6d72f6c6a3af00a9ad4ae6876be3889e2b09"
  integrity sha512-Ius2VYcGNk7T90CppJqcIkS5ooHUZyIQK+ClZfMfMNFEF9VSE73Fq+906u/CWu92x4gzZMWOwfFYckPObzdEbA==

is-binary-path@~2.1.0:
  version "2.1.0"
  resolved "https://registry.yarnpkg.com/is-binary-path/-/is-binary-path-2.1.0.tgz#ea1f7f3b80f064236e83470f86c09c254fb45b09"
  integrity sha512-ZMERYes6pDydyuGidse7OsHxtbI7WVeUEozgR/g7rd0xUimYNlvZRE/K2MgZTjWy725IfelLeVcEM97mmtRGXw==
  dependencies:
    binary-extensions "^2.0.0"

is-extglob@^2.1.1:
  version "2.1.1"
  resolved "https://registry.yarnpkg.com/is-extglob/-/is-extglob-2.1.1.tgz#a88c02535791f02ed37c76a1b9ea9773c833f8c2"
  integrity sha512-SbKbANkN603Vi4jEZv49LeVJMn4yGwsbzZworEoyEiutsN3nJYdbO36zfhGJ6QEDpOZIFkDtnq5JRxmvl3jsoQ==

is-glob@^4.0.1, is-glob@~4.0.1:
  version "4.0.3"
  resolved "https://registry.yarnpkg.com/is-glob/-/is-glob-4.0.3.tgz#64f61e42cbbb2eec2071a9dac0b28ba1e65d5084"
  integrity sha512-xelSayHH36ZgE7ZWhli7pW34hNbNl8Ojv5KVmkJD4hBdD3th8Tfk9vYasLM+mXWOZhFkgZfxhLSnrwRr4elSSg==
  dependencies:
    is-extglob "^2.1.1"

is-number@^7.0.0:
  version "7.0.0"
  resolved "https://registry.yarnpkg.com/is-number/-/is-number-7.0.0.tgz#7535345b896734d5f80c4d06c50955527a14f12b"
  integrity sha512-41Cifkg6e8TylSpdtTpeLVMqvSBEVzTttHvERD741+pnZ8ANv0004MRL43QKPDlK9cGvNp6NZWZUBlbGXYxxng==

"js-tokens@^3.0.0 || ^4.0.0", js-tokens@^4.0.0:
  version "4.0.0"
  resolved "https://registry.yarnpkg.com/js-tokens/-/js-tokens-4.0.0.tgz#19203fb59991df98e3a287050d4647cdeaf32499"
  integrity sha512-RdJUflcE3cUzKiMqQgsCu06FPu9UdIJO0beYbPhHN4k6apgJtifcoCtT9bcxOpYBtpD2kCM6Sbzg4CausW/PKQ==

jsesc@^2.5.1:
  version "2.5.2"
  resolved "https://registry.yarnpkg.com/jsesc/-/jsesc-2.5.2.tgz#80564d2e483dacf6e8ef209650a67df3f0c283a4"
  integrity sha512-OYu7XEzjkCQ3C5Ps3QIZsQfNpqoJyZZA99wd9aWd05NCtC5pWOkShK2mkL6HXQR6/Cy2lbNdPlZBpuQHXE63gA==

json5@^2.2.2:
  version "2.2.3"
  resolved "https://registry.yarnpkg.com/json5/-/json5-2.2.3.tgz#78cd6f1a19bdc12b73db5ad0c61efd66c1e29283"
  integrity sha512-XmOWe7eyHYH14cLdVPoyg+GOH3rYX++KpzrylJwSW98t3Nk+U8XOl8FWKOgwtzdb8lXGf6zYwDUzeHMWfxasyg==

loose-envify@^1.1.0:
  version "1.4.0"
  resolved "https://registry.yarnpkg.com/loose-envify/-/loose-envify-1.4.0.tgz#71ee51fa7be4caec1a63839f7e682d8132d30caf"
  integrity sha512-lyuxPGr/Wfhrlem2CL/UcnUc1zcqKAImBDzukY7Y5F/yQiNdko6+fRLevlw1HgMySw7f611UIY408EtxRSoK3Q==
  dependencies:
    js-tokens "^3.0.0 || ^4.0.0"

lru-cache@^5.1.1:
  version "5.1.1"
  resolved "https://registry.yarnpkg.com/lru-cache/-/lru-cache-5.1.1.tgz#1da27e6710271947695daf6848e847f01d84b920"
  integrity sha512-KpNARQA3Iwv+jTA0utUVVbrh+Jlrr1Fv0e56GGzAFOXN7dk/FviaDW8LHmK52DlcH4WP2n6gI8vN1aesBFgo9w==
  dependencies:
    yallist "^3.0.2"

minimatch@^3.1.2:
  version "3.1.2"
  resolved "https://registry.yarnpkg.com/minimatch/-/minimatch-3.1.2.tgz#19cd194bfd3e428f049a70817c038d89ab4be35b"
  integrity sha512-J7p63hRiAjw1NDEww1W7i37+ByIrOWO5XQQAzZ3VOcL0PNybwpfmV/N05zFAzwQ9USyEcX6t3UO+K5aqBQOIHw==
  dependencies:
    brace-expansion "^1.1.7"

ms@2.1.2:
  version "2.1.2"
  resolved "https://registry.yarnpkg.com/ms/-/ms-2.1.2.tgz#d09d1f357b443f493382a8eb3ccd183872ae6009"
  integrity sha512-sGkPx+VjMtmA6MX27oA4FBFELFCZZ4S4XqeGOXCv68tT+jb3vk/RyaKWP0PTKyWtmLSM0b+adUTEvbs1PEaH2w==

ms@^2.1.1:
  version "2.1.3"
  resolved "https://registry.yarnpkg.com/ms/-/ms-2.1.3.tgz#574c8138ce1d2b5861f0b44579dbadd60c6615b2"
  integrity sha512-6FlzubTLZG3J2a/NVCAleEhjzq5oxgHyaCU9yYXvcLsvoVaHJq/s5xXI6/XXP6tz7R9xAOtHnSO/tXtF3WRTlA==

node-releases@^2.0.12:
  version "2.0.12"
  resolved "https://registry.yarnpkg.com/node-releases/-/node-releases-2.0.12.tgz#35627cc224a23bfb06fb3380f2b3afaaa7eb1039"
  integrity sha512-QzsYKWhXTWx8h1kIvqfnC++o0pEmpRQA/aenALsL2F4pqNVr7YzcdMlDij5WBnwftRbJCNJL/O7zdKaxKPHqgQ==

nodemon@^2.0.22:
  version "2.0.22"
  resolved "https://registry.yarnpkg.com/nodemon/-/nodemon-2.0.22.tgz#182c45c3a78da486f673d6c1702e00728daf5258"
  integrity sha512-B8YqaKMmyuCO7BowF1Z1/mkPqLk6cs/l63Ojtd6otKjMx47Dq1utxfRxcavH1I7VSaL8n5BUaoutadnsX3AAVQ==
  dependencies:
    chokidar "^3.5.2"
    debug "^3.2.7"
    ignore-by-default "^1.0.1"
    minimatch "^3.1.2"
    pstree.remy "^1.1.8"
    semver "^5.7.1"
    simple-update-notifier "^1.0.7"
    supports-color "^5.5.0"
    touch "^3.1.0"
    undefsafe "^2.0.5"

nopt@~1.0.10:
  version "1.0.10"
  resolved "https://registry.yarnpkg.com/nopt/-/nopt-1.0.10.tgz#6ddd21bd2a31417b92727dd585f8a6f37608ebee"
  integrity sha512-NWmpvLSqUrgrAC9HCuxEvb+PSloHpqVu+FqcO4eeF2h5qYRhA7ev6KvelyQAKtegUbC6RypJnlEOhd8vloNKYg==
  dependencies:
    abbrev "1"

normalize-path@^3.0.0, normalize-path@~3.0.0:
  version "3.0.0"
  resolved "https://registry.yarnpkg.com/normalize-path/-/normalize-path-3.0.0.tgz#0dcd69ff23a1c9b11fd0978316644a0388216a65"
  integrity sha512-6eZs5Ls3WtCisHWp9S2GUy8dqkpGi4BVSz3GaqiE6ezub0512ESztXUwUB6C6IKbQkY2Pnb/mD4WYojCRwcwLA==

picocolors@^1.0.0:
  version "1.0.0"
  resolved "https://registry.yarnpkg.com/picocolors/-/picocolors-1.0.0.tgz#cb5bdc74ff3f51892236eaf79d68bc44564ab81c"
  integrity sha512-1fygroTLlHu66zi26VoTDv8yRgm0Fccecssto+MhsZ0D/DGW2sm8E8AjW7NU5VVTRt5GxbeZ5qBuJr+HyLYkjQ==

picomatch@^2.0.4, picomatch@^2.2.1:
  version "2.3.1"
  resolved "https://registry.yarnpkg.com/picomatch/-/picomatch-2.3.1.tgz#3ba3833733646d9d3e4995946c1365a67fb07a42"
  integrity sha512-JU3teHTNjmE2VCGFzuY8EXzCDVwEqB2a8fsIvwaStHhAWJEeVd1o1QD80CU6+ZdEXXSLbSsuLwJjkCBWqRQUVA==

pstree.remy@^1.1.8:
  version "1.1.8"
  resolved "https://registry.yarnpkg.com/pstree.remy/-/pstree.remy-1.1.8.tgz#c242224f4a67c21f686839bbdb4ac282b8373d3a"
  integrity sha512-77DZwxQmxKnu3aR542U+X8FypNzbfJ+C5XQDk3uWjWxn6151aIMGthWYRXTqT1E5oJvg+ljaa2OJi+VfvCOQ8w==

react-dom@^18.2.0:
  version "18.2.0"
  resolved "https://registry.yarnpkg.com/react-dom/-/react-dom-18.2.0.tgz#22aaf38708db2674ed9ada224ca4aa708d821e3d"
  integrity sha512-6IMTriUmvsjHUjNtEDudZfuDQUoWXVxKHhlEGSk81n4YFS+r/Kl99wXiwlVXtPBtJenozv2P+hxDsw9eA7Xo6g==
  dependencies:
    loose-envify "^1.1.0"
    scheduler "^0.23.0"

react@^18.2.0:
  version "18.2.0"
  resolved "https://registry.yarnpkg.com/react/-/react-18.2.0.tgz#555bd98592883255fa00de14f1151a917b5d77d5"
  integrity sha512-/3IjMdb2L9QbBdWiW5e3P2/npwMBaU9mHCSCUzNln0ZCYbcfTsGbTJrU/kGemdH2IWmB2ioZ+zkxtmq6g09fGQ==
  dependencies:
    loose-envify "^1.1.0"

readdirp@~3.6.0:
  version "3.6.0"
  resolved "https://registry.yarnpkg.com/readdirp/-/readdirp-3.6.0.tgz#74a370bd857116e245b29cc97340cd431a02a6c7"
  integrity sha512-hOS089on8RduqdbhvQ5Z37A0ESjsqz6qnRcffsMU3495FuTdqSm+7bhJ29JvIOsBDEEnan5DPu9t3To9VRlMzA==
  dependencies:
    picomatch "^2.2.1"

sanitize-filename@^1.6.3:
  version "1.6.3"
  resolved "https://registry.yarnpkg.com/sanitize-filename/-/sanitize-filename-1.6.3.tgz#755ebd752045931977e30b2025d340d7c9090378"
  integrity sha512-y/52Mcy7aw3gRm7IrcGDFx/bCk4AhRh2eI9luHOQM86nZsqwiRkkq2GekHXBBD+SmPidc8i2PqtYZl+pWJ8Oeg==
  dependencies:
    truncate-utf8-bytes "^1.0.0"

scheduler@^0.23.0:
  version "0.23.0"
  resolved "https://registry.yarnpkg.com/scheduler/-/scheduler-0.23.0.tgz#ba8041afc3d30eb206a487b6b384002e4e61fdfe"
  integrity sha512-CtuThmgHNg7zIZWAXi3AsyIzA3n4xx7aNyjwC2VJldO2LMVDhFK+63xGqq6CsJH4rTAt6/M+N4GhZiDYPx9eUw==
  dependencies:
    loose-envify "^1.1.0"

semver@^5.7.1:
  version "5.7.1"
  resolved "https://registry.yarnpkg.com/semver/-/semver-5.7.1.tgz#a954f931aeba508d307bbf069eff0c01c96116f7"
  integrity sha512-sauaDf/PZdVgrLTNYHRtpXa1iRiKcaebiKQ1BJdpQlWH2lCvexQdX55snPFyK7QzpudqbCI0qXFfOasHdyNDGQ==

semver@^6.3.0:
  version "6.3.0"
  resolved "https://registry.yarnpkg.com/semver/-/semver-6.3.0.tgz#ee0a64c8af5e8ceea67687b133761e1becbd1d3d"
  integrity sha512-b39TBaTSfV6yBrapU89p5fKekE2m/NwnDocOVruQFS1/veMgdzuPcnOM34M6CwxW8jH/lxEa5rBoDeUwu5HHTw==

semver@~7.0.0:
  version "7.0.0"
  resolved "https://registry.yarnpkg.com/semver/-/semver-7.0.0.tgz#5f3ca35761e47e05b206c6daff2cf814f0316b8e"
  integrity sha512-+GB6zVA9LWh6zovYQLALHwv5rb2PHGlJi3lfiqIHxR0uuwCgefcOJc59v9fv1w8GbStwxuuqqAjI9NMAOOgq1A==

simple-update-notifier@^1.0.7:
  version "1.1.0"
  resolved "https://registry.yarnpkg.com/simple-update-notifier/-/simple-update-notifier-1.1.0.tgz#67694c121de354af592b347cdba798463ed49c82"
  integrity sha512-VpsrsJSUcJEseSbMHkrsrAVSdvVS5I96Qo1QAQ4FxQ9wXFcB+pjj7FB7/us9+GcgfW4ziHtYMc1J0PLczb55mg==
  dependencies:
    semver "~7.0.0"

supports-color@^5.3.0, supports-color@^5.5.0:
  version "5.5.0"
  resolved "https://registry.yarnpkg.com/supports-color/-/supports-color-5.5.0.tgz#e2e69a44ac8772f78a1ec0b35b689df6530efc8f"
  integrity sha512-QjVjwdXIt408MIiAqCX4oUKsgU2EqAGzs2Ppkm4aQYbjm+ZEWEcW4SfFNTr4uMNZma0ey4f5lgLrkB0aX0QMow==
  dependencies:
    has-flag "^3.0.0"

to-fast-properties@^2.0.0:
  version "2.0.0"
  resolved "https://registry.yarnpkg.com/to-fast-properties/-/to-fast-properties-2.0.0.tgz#dc5e698cbd079265bc73e0377681a4e4e83f616e"
  integrity sha512-/OaKK0xYrs3DmxRYqL/yDc+FxFUVYhDlXMhRmv3z915w2HF1tnN1omB354j8VUGO/hbRzyD6Y3sA7v7GS/ceog==

to-regex-range@^5.0.1:
  version "5.0.1"
  resolved "https://registry.yarnpkg.com/to-regex-range/-/to-regex-range-5.0.1.tgz#1648c44aae7c8d988a326018ed72f5b4dd0392e4"
  integrity sha512-65P7iz6X5yEr1cwcgvQxbbIw7Uk3gOy5dIdtZ4rDveLqhrdJP+Li/Hx6tyK0NEb+2GCyneCMJiGqrADCSNk8sQ==
  dependencies:
    is-number "^7.0.0"

touch@^3.1.0:
  version "3.1.0"
  resolved "https://registry.yarnpkg.com/touch/-/touch-3.1.0.tgz#fe365f5f75ec9ed4e56825e0bb76d24ab74af83b"
  integrity sha512-WBx8Uy5TLtOSRtIq+M03/sKDrXCLHxwDcquSP2c43Le03/9serjQBIztjRz6FkJez9D/hleyAXTBGLwwZUw9lA==
  dependencies:
    nopt "~1.0.10"

truncate-utf8-bytes@^1.0.0:
  version "1.0.2"
  resolved "https://registry.yarnpkg.com/truncate-utf8-bytes/-/truncate-utf8-bytes-1.0.2.tgz#405923909592d56f78a5818434b0b78489ca5f2b"
  integrity sha512-95Pu1QXQvruGEhv62XCMO3Mm90GscOCClvrIUwCM0PYOXK3kaF3l3sIHxx71ThJfcbM2O5Au6SO3AWCSEfW4mQ==
  dependencies:
    utf8-byte-length "^1.0.1"

undefsafe@^2.0.5:
  version "2.0.5"
  resolved "https://registry.yarnpkg.com/undefsafe/-/undefsafe-2.0.5.tgz#38733b9327bdcd226db889fb723a6efd162e6e2c"
  integrity sha512-WxONCrssBM8TSPRqN5EmsjVrsv4A8X12J4ArBiiayv3DyyG3ZlIg6yysuuSYdZsVz3TKcTg2fd//Ujd4CHV1iA==

update-browserslist-db@^1.0.11:
  version "1.0.11"
  resolved "https://registry.yarnpkg.com/update-browserslist-db/-/update-browserslist-db-1.0.11.tgz#9a2a641ad2907ae7b3616506f4b977851db5b940"
  integrity sha512-dCwEFf0/oT85M1fHBg4F0jtLwJrutGoHSQXCh7u4o2t1drG+c0a9Flnqww6XUKSfQMPpJBRjU8d4RXB09qtvaA==
  dependencies:
    escalade "^3.1.1"
    picocolors "^1.0.0"

utf8-byte-length@^1.0.1:
  version "1.0.4"
  resolved "https://registry.yarnpkg.com/utf8-byte-length/-/utf8-byte-length-1.0.4.tgz#f45f150c4c66eee968186505ab93fcbb8ad6bf61"
  integrity sha512-4+wkEYLBbWxqTahEsWrhxepcoVOJ+1z5PGIjPZxRkytcdSUaNjIjBM7Xn8E+pdSuV7SzvWovBFA54FO0JSoqhA==

yallist@^3.0.2:
  version "3.1.1"
  resolved "https://registry.yarnpkg.com/yallist/-/yallist-3.1.1.tgz#dbb7daf9bfd8bac9ab45ebf602b8cbad0d5d08fd"
  integrity sha512-a4UGQaWPH59mOXUYnAG2ewncQS4i4F43Tv3JoAM+s2VDAmS9NsK8GpDMLrCHPksFT7h3K6TOoUNn2pb7RoXx4g==
